
Microsoft Visual Studio Solution File, Format Version 12.00
# Visual Studio Version 16
VisualStudioVersion = 16.0.31205.134
MinimumVisualStudioVersion = 10.0.40219.1
Project("{9A19103F-16F7-4668-BE54-9A1E7A4F7556}") = "DataAccess", "DataAccess\DataAccess.csproj", "{E901E945-5765-4869-8FB9-92C3DFA2C676}"
EndProject
Project("{9A19103F-16F7-4668-BE54-9A1E7A4F7556}") = "Business", "Business\Business.csproj", "{59C90522-3A28-4AD9-8FAB-5C974DF35895}"
EndProject
Project("{9A19103F-16F7-4668-BE54-9A1E7A4F7556}") = "Entities", "Entities\Entities.csproj", "{D44B2151-ED44-448C-A251-090EE66E055B}"
EndProject
Project("{9A19103F-16F7-4668-BE54-9A1E7A4F7556}") = "ConsoleUI", "ConsoleUI\ConsoleUI.csproj", "{7AA8C221-8A8B-491C-9A60-C3DACA7641F1}"
EndProject
Project("{9A19103F-16F7-4668-BE54-9A1E7A4F7556}") = "Core", "Core\Core.csproj", "{74615613-F17A-4C46-8253-994BEFA95933}"
EndProject
Project("{9A19103F-16F7-4668-BE54-9A1E7A4F7556}") = "WebAPI", "WebAPI\WebAPI.csproj", "{66D74746-7A36-45F1-8802-5B862B762554}"
EndProject
Global
	GlobalSection(SolutionConfigurationPlatforms) = preSolution
		Debug|Any CPU = Debug|Any CPU
		Release|Any CPU = Release|Any CPU
	EndGlobalSection
	GlobalSection(ProjectConfigurationPlatforms) = postSolution
		{E901E945-5765-4869-8FB9-92C3DFA2C676}.Debug|Any CPU.ActiveCfg = Debug|Any CPU
		{E901E945-5765-4869-8FB9-92C3DFA2C676}.Debug|Any CPU.Build.0 = Debug|Any CPU
		{E901E945-5765-4869-8FB9-92C3DFA2C676}.Release|Any CPU.ActiveCfg = Release|Any CPU
		{E901E945-5765-4869-8FB9-92C3DFA2C676}.Release|Any CPU.Build.0 = Release|Any CPU
		{59C90522-3A28-4AD9-8FAB-5C974DF35895}.Debug|Any CPU.ActiveCfg = Debug|Any CPU
		{59C90522-3A28-4AD9-8FAB-5C974DF35895}.Debug|Any CPU.Build.0 = Debug|Any CPU
		{59C90522-3A28-4AD9-8FAB-5C974DF35895}.Release|Any CPU.ActiveCfg = Release|Any CPU
		{59C90522-3A28-4AD9-8FAB-5C974DF35895}.Release|Any CPU.Build.0 = Release|Any CPU
		{D44B2151-ED44-448C-A251-090EE66E055B}.Debug|Any CPU.ActiveCfg = Debug|Any CPU
		{D44B2151-ED44-448C-A251-090EE66E055B}.Debug|Any CPU.Build.0 = Debug|Any CPU
		{D44B2151-ED44-448C-A251-090EE66E055B}.Release|Any CPU.ActiveCfg = Release|Any CPU
		{D44B2151-ED44-448C-A251-090EE66E055B}.Release|Any CPU.Build.0 = Release|Any CPU
		{7AA8C221-8A8B-491C-9A60-C3DACA7641F1}.Debug|Any CPU.ActiveCfg = Debug|Any CPU
		{7AA8C221-8A8B-491C-9A60-C3DACA7641F1}.Debug|Any CPU.Build.0 = Debug|Any CPU
		{7AA8C221-8A8B-491C-9A60-C3DACA7641F1}.Release|Any CPU.ActiveCfg = Release|Any CPU
		{7AA8C221-8A8B-491C-9A60-C3DACA7641F1}.Release|Any CPU.Build.0 = Release|Any CPU
		{74615613-F17A-4C46-8253-994BEFA95933}.Debug|Any CPU.ActiveCfg = Debug|Any CPU
		{74615613-F17A-4C46-8253-994BEFA95933}.Debug|Any CPU.Build.0 = Debug|Any CPU
		{74615613-F17A-4C46-8253-994BEFA95933}.Release|Any CPU.ActiveCfg = Release|Any CPU
		{74615613-F17A-4C46-8253-994BEFA95933}.Release|Any CPU.Build.0 = Release|Any CPU
		{66D74746-7A36-45F1-8802-5B862B762554}.Debug|Any CPU.ActiveCfg = Debug|Any CPU
		{66D74746-7A36-45F1-8802-5B862B762554}.Debug|Any CPU.Build.0 = Debug|Any CPU
		{66D74746-7A36-45F1-8802-5B862B762554}.Release|Any CPU.ActiveCfg = Release|Any CPU
		{66D74746-7A36-45F1-8802-5B862B762554}.Release|Any CPU.Build.0 = Release|Any CPU
	EndGlobalSection
	GlobalSection(SolutionProperties) = preSolution
		HideSolutionNode = FALSE
	EndGlobalSection
	GlobalSection(ExtensibilityGlobals) = postSolution
		SolutionGuid = {D8DE31C7-349C-4DC1-ACAE-33F965342DE7}
	EndGlobalSection
EndGlobal
